
Microsoft Visual Studio Solution File, Format Version 12.00
# Visual Studio 15
VisualStudioVersion = 15.0.26730.10
MinimumVisualStudioVersion = 10.0.40219.1
Project("{FAE04EC0-301F-11D3-BF4B-00C04F79EFBC}") = "ExperimentalDVR", "ExperimentalDVR\ExperimentalDVR.csproj", "{16B9C3B3-89FB-40EF-A657-ECF6673730F7}"
EndProject
Project("{FAE04EC0-301F-11D3-BF4B-00C04F79EFBC}") = "ExperimentalDVRService", "ExperimentalDVRService\ExperimentalDVRService.csproj", "{FB06D32C-3FFD-448C-932F-C939071E6C87}"
EndProject
Global
	GlobalSection(SolutionConfigurationPlatforms) = preSolution
		Debug|Any CPU = Debug|Any CPU
		Release|Any CPU = Release|Any CPU
	EndGlobalSection
	GlobalSection(ProjectConfigurationPlatforms) = postSolution
		{16B9C3B3-89FB-40EF-A657-ECF6673730F7}.Debug|Any CPU.ActiveCfg = Debug|Any CPU
		{16B9C3B3-89FB-40EF-A657-ECF6673730F7}.Debug|Any CPU.Build.0 = Debug|Any CPU
		{16B9C3B3-89FB-40EF-A657-ECF6673730F7}.Release|Any CPU.ActiveCfg = Release|Any CPU
		{16B9C3B3-89FB-40EF-A657-ECF6673730F7}.Release|Any CPU.Build.0 = Release|Any CPU
		{FB06D32C-3FFD-448C-932F-C939071E6C87}.Debug|Any CPU.ActiveCfg = Debug|Any CPU
		{FB06D32C-3FFD-448C-932F-C939071E6C87}.Debug|Any CPU.Build.0 = Debug|Any CPU
		{FB06D32C-3FFD-448C-932F-C939071E6C87}.Release|Any CPU.ActiveCfg = Release|Any CPU
		{FB06D32C-3FFD-448C-932F-C939071E6C87}.Release|Any CPU.Build.0 = Release|Any CPU
	EndGlobalSection
	GlobalSection(SolutionProperties) = preSolution
		HideSolutionNode = FALSE
	EndGlobalSection
	GlobalSection(ExtensibilityGlobals) = postSolution
		SolutionGuid = {8E9E7EF9-FB4E-4E7F-A030-18699671F309}
	EndGlobalSection
EndGlobal
